
Microsoft Visual Studio Solution File, Format Version 12.00
# Visual Studio 15
VisualStudioVersion = 15.0.28307.329
MinimumVisualStudioVersion = 10.0.40219.1
Project("{9092AA53-FB77-4645-B42D-1CCCA6BD08BD}") = "Rajvir_Kaur_COMP308_Lab1", "Rajvir_Kaur_COMP308_Lab1\Rajvir_Kaur_COMP308_Lab1.njsproj", "{38D39B3F-0213-4481-969A-6FA905009F86}"
EndProject
Global
	GlobalSection(SolutionConfigurationPlatforms) = preSolution
		Debug|Any CPU = Debug|Any CPU
		Release|Any CPU = Release|Any CPU
	EndGlobalSection
	GlobalSection(ProjectConfigurationPlatforms) = postSolution
		{38D39B3F-0213-4481-969A-6FA905009F86}.Debug|Any CPU.ActiveCfg = Debug|Any CPU
		{38D39B3F-0213-4481-969A-6FA905009F86}.Debug|Any CPU.Build.0 = Debug|Any CPU
		{38D39B3F-0213-4481-969A-6FA905009F86}.Release|Any CPU.ActiveCfg = Release|Any CPU
		{38D39B3F-0213-4481-969A-6FA905009F86}.Release|Any CPU.Build.0 = Release|Any CPU
	EndGlobalSection
	GlobalSection(SolutionProperties) = preSolution
		HideSolutionNode = FALSE
	EndGlobalSection
	GlobalSection(ExtensibilityGlobals) = postSolution
		SolutionGuid = {7AE66459-4C30-48DD-9EE1-E6FDC8173608}
	EndGlobalSection
EndGlobal
